
Microsoft Visual Studio Solution File, Format Version 12.00
# Visual Studio Version 16
VisualStudioVersion = 16.0.30611.23
MinimumVisualStudioVersion = 10.0.40219.1
Project("{9A19103F-16F7-4668-BE54-9A1E7A4F7556}") = "Lab3", "Lab3\Lab3.csproj", "{D00B31B2-ECCA-43B6-9ED4-77A1FC42F774}"
EndProject
Project("{FAE04EC0-301F-11D3-BF4B-00C04F79EFBC}") = "Ex3", "Ex3\Ex3.csproj", "{09414B47-4C65-40AE-9EE7-62D451C017E3}"
EndProject
Project("{FAE04EC0-301F-11D3-BF4B-00C04F79EFBC}") = "Ex4", "Ex4\Ex4.csproj", "{44A1865D-C9A6-4AFA-970D-5303CA5BFD97}"
EndProject
Project("{FAE04EC0-301F-11D3-BF4B-00C04F79EFBC}") = "Ex6", "Ex6\Ex6.csproj", "{6D4B1F83-5877-47C8-9A8C-228366AEF9B1}"
EndProject
Project("{FAE04EC0-301F-11D3-BF4B-00C04F79EFBC}") = "Ex5", "Ex5\Ex5.csproj", "{4CCF0983-1D78-4E67-ADA5-7761957E31AF}"
EndProject
Project("{FAE04EC0-301F-11D3-BF4B-00C04F79EFBC}") = "Ex7", "Ex7\Ex7.csproj", "{02DD67C5-1D21-4F43-8A07-5F7A77D8121B}"
EndProject
Project("{FAE04EC0-301F-11D3-BF4B-00C04F79EFBC}") = "Ex8", "Ex8\Ex8.csproj", "{76EC2901-A213-49D4-BF38-CC78362CE133}"
EndProject
Project("{FAE04EC0-301F-11D3-BF4B-00C04F79EFBC}") = "Ex10", "Ex10\Ex10.csproj", "{5DBCC6AC-5ADB-4F5F-834F-E8A28DDF99BC}"
EndProject
Project("{FAE04EC0-301F-11D3-BF4B-00C04F79EFBC}") = "Ex2", "Ex2\Ex2.csproj", "{9894F1E1-BAA4-48B9-8F50-B7BEFDA2BA35}"
EndProject
Project("{FAE04EC0-301F-11D3-BF4B-00C04F79EFBC}") = "Ex9", "Ex9\Ex9.csproj", "{C7565AC2-A8E3-4C9F-BC75-16E7FB823E3D}"
EndProject
Global
	GlobalSection(SolutionConfigurationPlatforms) = preSolution
		Debug|Any CPU = Debug|Any CPU
		Release|Any CPU = Release|Any CPU
	EndGlobalSection
	GlobalSection(ProjectConfigurationPlatforms) = postSolution
		{D00B31B2-ECCA-43B6-9ED4-77A1FC42F774}.Debug|Any CPU.ActiveCfg = Debug|Any CPU
		{D00B31B2-ECCA-43B6-9ED4-77A1FC42F774}.Debug|Any CPU.Build.0 = Debug|Any CPU
		{D00B31B2-ECCA-43B6-9ED4-77A1FC42F774}.Release|Any CPU.ActiveCfg = Release|Any CPU
		{D00B31B2-ECCA-43B6-9ED4-77A1FC42F774}.Release|Any CPU.Build.0 = Release|Any CPU
		{09414B47-4C65-40AE-9EE7-62D451C017E3}.Debug|Any CPU.ActiveCfg = Debug|Any CPU
		{09414B47-4C65-40AE-9EE7-62D451C017E3}.Debug|Any CPU.Build.0 = Debug|Any CPU
		{09414B47-4C65-40AE-9EE7-62D451C017E3}.Release|Any CPU.ActiveCfg = Release|Any CPU
		{09414B47-4C65-40AE-9EE7-62D451C017E3}.Release|Any CPU.Build.0 = Release|Any CPU
		{44A1865D-C9A6-4AFA-970D-5303CA5BFD97}.Debug|Any CPU.ActiveCfg = Debug|Any CPU
		{44A1865D-C9A6-4AFA-970D-5303CA5BFD97}.Debug|Any CPU.Build.0 = Debug|Any CPU
		{44A1865D-C9A6-4AFA-970D-5303CA5BFD97}.Release|Any CPU.ActiveCfg = Release|Any CPU
		{44A1865D-C9A6-4AFA-970D-5303CA5BFD97}.Release|Any CPU.Build.0 = Release|Any CPU
		{6D4B1F83-5877-47C8-9A8C-228366AEF9B1}.Debug|Any CPU.ActiveCfg = Debug|Any CPU
		{6D4B1F83-5877-47C8-9A8C-228366AEF9B1}.Debug|Any CPU.Build.0 = Debug|Any CPU
		{6D4B1F83-5877-47C8-9A8C-228366AEF9B1}.Release|Any CPU.ActiveCfg = Release|Any CPU
		{6D4B1F83-5877-47C8-9A8C-228366AEF9B1}.Release|Any CPU.Build.0 = Release|Any CPU
		{4CCF0983-1D78-4E67-ADA5-7761957E31AF}.Debug|Any CPU.ActiveCfg = Debug|Any CPU
		{4CCF0983-1D78-4E67-ADA5-7761957E31AF}.Debug|Any CPU.Build.0 = Debug|Any CPU
		{4CCF0983-1D78-4E67-ADA5-7761957E31AF}.Release|Any CPU.ActiveCfg = Release|Any CPU
		{4CCF0983-1D78-4E67-ADA5-7761957E31AF}.Release|Any CPU.Build.0 = Release|Any CPU
		{02DD67C5-1D21-4F43-8A07-5F7A77D8121B}.Debug|Any CPU.ActiveCfg = Debug|Any CPU
		{02DD67C5-1D21-4F43-8A07-5F7A77D8121B}.Debug|Any CPU.Build.0 = Debug|Any CPU
		{02DD67C5-1D21-4F43-8A07-5F7A77D8121B}.Release|Any CPU.ActiveCfg = Release|Any CPU
		{02DD67C5-1D21-4F43-8A07-5F7A77D8121B}.Release|Any CPU.Build.0 = Release|Any CPU
		{76EC2901-A213-49D4-BF38-CC78362CE133}.Debug|Any CPU.ActiveCfg = Debug|Any CPU
		{76EC2901-A213-49D4-BF38-CC78362CE133}.Debug|Any CPU.Build.0 = Debug|Any CPU
		{76EC2901-A213-49D4-BF38-CC78362CE133}.Release|Any CPU.ActiveCfg = Release|Any CPU
		{76EC2901-A213-49D4-BF38-CC78362CE133}.Release|Any CPU.Build.0 = Release|Any CPU
		{5DBCC6AC-5ADB-4F5F-834F-E8A28DDF99BC}.Debug|Any CPU.ActiveCfg = Debug|Any CPU
		{5DBCC6AC-5ADB-4F5F-834F-E8A28DDF99BC}.Debug|Any CPU.Build.0 = Debug|Any CPU
		{5DBCC6AC-5ADB-4F5F-834F-E8A28DDF99BC}.Release|Any CPU.ActiveCfg = Release|Any CPU
		{5DBCC6AC-5ADB-4F5F-834F-E8A28DDF99BC}.Release|Any CPU.Build.0 = Release|Any CPU
		{9894F1E1-BAA4-48B9-8F50-B7BEFDA2BA35}.Debug|Any CPU.ActiveCfg = Debug|Any CPU
		{9894F1E1-BAA4-48B9-8F50-B7BEFDA2BA35}.Debug|Any CPU.Build.0 = Debug|Any CPU
		{9894F1E1-BAA4-48B9-8F50-B7BEFDA2BA35}.Release|Any CPU.ActiveCfg = Release|Any CPU
		{9894F1E1-BAA4-48B9-8F50-B7BEFDA2BA35}.Release|Any CPU.Build.0 = Release|Any CPU
		{C7565AC2-A8E3-4C9F-BC75-16E7FB823E3D}.Debug|Any CPU.ActiveCfg = Debug|Any CPU
		{C7565AC2-A8E3-4C9F-BC75-16E7FB823E3D}.Debug|Any CPU.Build.0 = Debug|Any CPU
		{C7565AC2-A8E3-4C9F-BC75-16E7FB823E3D}.Release|Any CPU.ActiveCfg = Release|Any CPU
		{C7565AC2-A8E3-4C9F-BC75-16E7FB823E3D}.Release|Any CPU.Build.0 = Release|Any CPU
	EndGlobalSection
	GlobalSection(SolutionProperties) = preSolution
		HideSolutionNode = FALSE
	EndGlobalSection
	GlobalSection(ExtensibilityGlobals) = postSolution
		SolutionGuid = {73A5CC71-4F1F-4C87-A215-9397495338EE}
	EndGlobalSection
EndGlobal
