
Microsoft Visual Studio Solution File, Format Version 12.00
# Visual Studio Version 16
VisualStudioVersion = 16.0.30523.141
MinimumVisualStudioVersion = 10.0.40219.1
Project("{9A19103F-16F7-4668-BE54-9A1E7A4F7556}") = "Aplikacja1", "Aplikacja1\Aplikacja1.csproj", "{994567B5-3AE8-43FC-AA10-2EF5C730384D}"
EndProject
Project("{9A19103F-16F7-4668-BE54-9A1E7A4F7556}") = "Aplikacja2", "Aplikacja2\Aplikacja2.csproj", "{D70A1246-88F4-435D-BE8D-C34F27FD24EB}"
EndProject
Project("{FAE04EC0-301F-11D3-BF4B-00C04F79EFBC}") = "Aplikacja3", "Aplikacja3\Aplikacja3.csproj", "{2D60EA9A-04B7-4C90-9BDD-D8CDBA8DEC08}"
EndProject
Project("{FAE04EC0-301F-11D3-BF4B-00C04F79EFBC}") = "Aplikacja4", "Aplikacja4\Aplikacja4.csproj", "{5753C1AA-0352-4980-B826-C5D3F35C410C}"
EndProject
Project("{FAE04EC0-301F-11D3-BF4B-00C04F79EFBC}") = "Aplikacja5", "Aplikacja5\Aplikacja5.csproj", "{9C7E40D1-B5D3-4B6C-B9D9-985FC0237661}"
EndProject
Project("{FAE04EC0-301F-11D3-BF4B-00C04F79EFBC}") = "Aplikacja6", "Aplikacja6\Aplikacja6.csproj", "{398116C4-285D-486D-9E8B-EEF6CF403858}"
EndProject
Project("{FAE04EC0-301F-11D3-BF4B-00C04F79EFBC}") = "Application7", "Application7\Application7.csproj", "{A289BB68-9244-474D-9362-9330A5F72234}"
EndProject
Project("{FAE04EC0-301F-11D3-BF4B-00C04F79EFBC}") = "Application8", "Application8\Application8.csproj", "{C15A938B-D9E6-4289-98E2-05EAC05A72C1}"
EndProject
Project("{FAE04EC0-301F-11D3-BF4B-00C04F79EFBC}") = "Artur", "Artur\Artur.csproj", "{69BDD44A-174C-4371-A22C-DF71E1582678}"
EndProject
Global
	GlobalSection(SolutionConfigurationPlatforms) = preSolution
		Debug|Any CPU = Debug|Any CPU
		Release|Any CPU = Release|Any CPU
	EndGlobalSection
	GlobalSection(ProjectConfigurationPlatforms) = postSolution
		{994567B5-3AE8-43FC-AA10-2EF5C730384D}.Debug|Any CPU.ActiveCfg = Debug|Any CPU
		{994567B5-3AE8-43FC-AA10-2EF5C730384D}.Debug|Any CPU.Build.0 = Debug|Any CPU
		{994567B5-3AE8-43FC-AA10-2EF5C730384D}.Release|Any CPU.ActiveCfg = Release|Any CPU
		{994567B5-3AE8-43FC-AA10-2EF5C730384D}.Release|Any CPU.Build.0 = Release|Any CPU
		{D70A1246-88F4-435D-BE8D-C34F27FD24EB}.Debug|Any CPU.ActiveCfg = Debug|Any CPU
		{D70A1246-88F4-435D-BE8D-C34F27FD24EB}.Debug|Any CPU.Build.0 = Debug|Any CPU
		{D70A1246-88F4-435D-BE8D-C34F27FD24EB}.Release|Any CPU.ActiveCfg = Release|Any CPU
		{D70A1246-88F4-435D-BE8D-C34F27FD24EB}.Release|Any CPU.Build.0 = Release|Any CPU
		{2D60EA9A-04B7-4C90-9BDD-D8CDBA8DEC08}.Debug|Any CPU.ActiveCfg = Debug|Any CPU
		{2D60EA9A-04B7-4C90-9BDD-D8CDBA8DEC08}.Debug|Any CPU.Build.0 = Debug|Any CPU
		{2D60EA9A-04B7-4C90-9BDD-D8CDBA8DEC08}.Release|Any CPU.ActiveCfg = Release|Any CPU
		{2D60EA9A-04B7-4C90-9BDD-D8CDBA8DEC08}.Release|Any CPU.Build.0 = Release|Any CPU
		{5753C1AA-0352-4980-B826-C5D3F35C410C}.Debug|Any CPU.ActiveCfg = Debug|Any CPU
		{5753C1AA-0352-4980-B826-C5D3F35C410C}.Debug|Any CPU.Build.0 = Debug|Any CPU
		{5753C1AA-0352-4980-B826-C5D3F35C410C}.Release|Any CPU.ActiveCfg = Release|Any CPU
		{5753C1AA-0352-4980-B826-C5D3F35C410C}.Release|Any CPU.Build.0 = Release|Any CPU
		{9C7E40D1-B5D3-4B6C-B9D9-985FC0237661}.Debug|Any CPU.ActiveCfg = Debug|Any CPU
		{9C7E40D1-B5D3-4B6C-B9D9-985FC0237661}.Debug|Any CPU.Build.0 = Debug|Any CPU
		{9C7E40D1-B5D3-4B6C-B9D9-985FC0237661}.Release|Any CPU.ActiveCfg = Release|Any CPU
		{9C7E40D1-B5D3-4B6C-B9D9-985FC0237661}.Release|Any CPU.Build.0 = Release|Any CPU
		{398116C4-285D-486D-9E8B-EEF6CF403858}.Debug|Any CPU.ActiveCfg = Debug|Any CPU
		{398116C4-285D-486D-9E8B-EEF6CF403858}.Debug|Any CPU.Build.0 = Debug|Any CPU
		{398116C4-285D-486D-9E8B-EEF6CF403858}.Release|Any CPU.ActiveCfg = Release|Any CPU
		{398116C4-285D-486D-9E8B-EEF6CF403858}.Release|Any CPU.Build.0 = Release|Any CPU
		{A289BB68-9244-474D-9362-9330A5F72234}.Debug|Any CPU.ActiveCfg = Debug|Any CPU
		{A289BB68-9244-474D-9362-9330A5F72234}.Debug|Any CPU.Build.0 = Debug|Any CPU
		{A289BB68-9244-474D-9362-9330A5F72234}.Release|Any CPU.ActiveCfg = Release|Any CPU
		{A289BB68-9244-474D-9362-9330A5F72234}.Release|Any CPU.Build.0 = Release|Any CPU
		{C15A938B-D9E6-4289-98E2-05EAC05A72C1}.Debug|Any CPU.ActiveCfg = Debug|Any CPU
		{C15A938B-D9E6-4289-98E2-05EAC05A72C1}.Debug|Any CPU.Build.0 = Debug|Any CPU
		{C15A938B-D9E6-4289-98E2-05EAC05A72C1}.Release|Any CPU.ActiveCfg = Release|Any CPU
		{C15A938B-D9E6-4289-98E2-05EAC05A72C1}.Release|Any CPU.Build.0 = Release|Any CPU
		{69BDD44A-174C-4371-A22C-DF71E1582678}.Debug|Any CPU.ActiveCfg = Debug|Any CPU
		{69BDD44A-174C-4371-A22C-DF71E1582678}.Debug|Any CPU.Build.0 = Debug|Any CPU
		{69BDD44A-174C-4371-A22C-DF71E1582678}.Release|Any CPU.ActiveCfg = Release|Any CPU
		{69BDD44A-174C-4371-A22C-DF71E1582678}.Release|Any CPU.Build.0 = Release|Any CPU
	EndGlobalSection
	GlobalSection(SolutionProperties) = preSolution
		HideSolutionNode = FALSE
	EndGlobalSection
	GlobalSection(ExtensibilityGlobals) = postSolution
		SolutionGuid = {4F731503-77FD-477B-81B1-422065A5D441}
	EndGlobalSection
EndGlobal
